<Solution>
  <Configurations>
    <BuildType Name="AuditMode" />
    <BuildType Name="Debug" />
    <BuildType Name="Fuzzing" />
    <BuildType Name="Release" />
    <Platform Name="Any CPU" />
    <Platform Name="ARM64" />
    <Platform Name="x64" />
    <Platform Name="x86" />
  </Configurations>
  <Folder Name="/Conhost/">
    <Project Path="src/host/ft_uia/Host.Tests.UIA.csproj" Id="c17e1bf3-9d34-4779-9458-a8ef98cc5662">
      <BuildDependency Project="src/tools/vtapp/VTApp.csproj" />
      <BuildType Solution="AuditMode|Any CPU" Project="Debug" />
      <BuildType Solution="AuditMode|ARM64" Project="Debug" />
      <BuildType Solution="AuditMode|x64" Project="Release" />
      <BuildType Solution="AuditMode|x86" Project="Release" />
      <BuildType Solution="Fuzzing|Any CPU" Project="Debug" />
      <BuildType Solution="Fuzzing|ARM64" Project="Release" />
      <BuildType Solution="Fuzzing|x64" Project="Debug" />
      <BuildType Solution="Fuzzing|x86" Project="Release" />
      <Platform Solution="*|x64" Project="x64" />
      <Platform Solution="*|x86" Project="Win32" />
      <Platform Solution="AuditMode|Any CPU" Project="ARM64" />
      <Platform Solution="AuditMode|ARM64" Project="Win32" />
      <Platform Solution="Debug|Any CPU" Project="Win32" />
      <Platform Solution="Debug|ARM64" Project="Win32" />
      <Platform Solution="Fuzzing|Any CPU" Project="x64" />
      <Platform Solution="Fuzzing|ARM64" Project="ARM64" />
      <Platform Solution="Release|Any CPU" Project="Win32" />
      <Platform Solution="Release|ARM64" Project="ARM64" />
      <Build Solution="*|Any CPU" Project="false" />
      <Build Solution="*|ARM64" Project="false" />
      <Build Solution="AuditMode|x64" Project="false" />
      <Build Solution="AuditMode|x86" Project="false" />
      <Build Solution="Fuzzing|x64" Project="false" />
      <Build Solution="Fuzzing|x86" Project="false" />
    </Project>
  </Folder>
  <Folder Name="/Shared/">
  </Folder>
  <Folder Name="/Shared/Buffer/">
  </Folder>
  <Folder Name="/Shared/Rendering/">
  </Folder>
  <Folder Name="/Shared/Virtual Terminal/">
  </Folder>
  <Folder Name="/Terminal/">
  </Folder>
  <Folder Name="/Terminal/Tests/">
    <Project Path="src/cascadia/WindowsTerminal_UIATests/WindowsTerminal.UIA.Tests.csproj" Id="f19dacd5-0c6e-40dc-b6e4-767a3200542c">
      <BuildType Solution="AuditMode|*" Project="Debug" />
      <BuildType Solution="Fuzzing|*" Project="Debug" />
      <Platform Solution="*|Any CPU" Project="Win32" />
      <Platform Solution="*|ARM64" Project="ARM64" />
      <Platform Solution="*|x64" Project="x64" />
      <Platform Solution="*|x86" Project="Win32" />
      <Build Solution="*|Any CPU" Project="false" />
      <Build Solution="AuditMode|ARM64" Project="false" />
      <Build Solution="AuditMode|x64" Project="false" />
      <Build Solution="AuditMode|x86" Project="false" />
      <Build Solution="Fuzzing|ARM64" Project="false" />
      <Build Solution="Fuzzing|x64" Project="false" />
      <Build Solution="Fuzzing|x86" Project="false" />
    </Project>
  </Folder>
  <Folder Name="/Terminal/Window/">
  </Folder>
  <Folder Name="/Terminal/wpf/">
    <Project Path="src/cascadia/WpfTerminalControl/WpfTerminalControl.csproj">
      <BuildType Solution="AuditMode|Any CPU" Project="Release" />
      <BuildType Solution="AuditMode|ARM64" Project="Debug" />
      <BuildType Solution="AuditMode|x64" Project="Debug" />
      <BuildType Solution="AuditMode|x86" Project="Debug" />
      <BuildType Solution="Fuzzing|Any CPU" Project="Debug" />
      <BuildType Solution="Fuzzing|x64" Project="Debug" />
      <Build Solution="AuditMode|Any CPU" Project="false" />
      <Build Solution="Fuzzing|*" Project="false" />
    </Project>
    <Project Path="src/cascadia/WpfTerminalTestNetCore/WpfTerminalTestNetCore.csproj">
      <BuildType Solution="AuditMode|*" Project="Debug" />
      <BuildType Solution="Fuzzing|Any CPU" Project="Debug" />
      <BuildType Solution="Fuzzing|x64" Project="Debug" />
      <Platform Solution="Debug|ARM64" Project="ARM64" />
      <Platform Solution="Debug|x64" Project="x64" />
      <Platform Solution="Debug|x86" Project="x86" />
      <Platform Solution="Fuzzing|x64" Project="x64" />
      <Platform Solution="Fuzzing|x86" Project="x86" />
      <Platform Solution="Release|ARM64" Project="ARM64" />
      <Platform Solution="Release|x64" Project="x64" />
      <Platform Solution="Release|x86" Project="x86" />
      <Build Solution="*|Any CPU" Project="false" />
      <Build Solution="AuditMode|ARM64" Project="false" />
      <Build Solution="AuditMode|x64" Project="false" />
      <Build Solution="AuditMode|x86" Project="false" />
      <Build Solution="Fuzzing|ARM64" Project="false" />
      <Build Solution="Fuzzing|x64" Project="false" />
      <Build Solution="Fuzzing|x86" Project="false" />
    </Project>
  </Folder>
  <Folder Name="/_Build Common/" />
  <Folder Name="/_Build Common/Common Props/">
    <File Path="common.openconsole.props" />
    <File Path="dep/nuget/packages.config" />
    <File Path="src/common.build.post.props" />
    <File Path="src/common.build.pre.props" />
    <File Path="src/common.build.tests.props" />
    <File Path="src/common.nugetversions.props" />
    <File Path="src/common.nugetversions.targets" />
    <File Path="src/cppwinrt.build.post.props" />
    <File Path="src/cppwinrt.build.pre.props" />
    <File Path="src/wap-common.build.post.props" />
    <File Path="src/wap-common.build.pre.props" />
  </Folder>
  <Folder Name="/_Build Common/Scripts/">
    <File Path="build/scripts/Create-AppxBundle.ps1" />
    <File Path="build/scripts/Index-Pdbs.ps1" />
    <File Path="build/scripts/Invoke-FormattingCheck.ps1" />
    <File Path="build/scripts/Run-Tests.ps1" />
    <File Path="build/scripts/Test-WindowsTerminalPackage.ps1" />
  </Folder>
  <Folder Name="/_Build Common/YAML/">
    <File Path="build/pipelines/ci.yml" />
    <File Path="build/pipelines/release.yml" />
    <File Path="build/pipelines/templates/build-console-audit-job.yml" />
    <File Path="build/pipelines/templates/build-console-ci.yml" />
    <File Path="build/pipelines/templates/build-console-int.yml" />
    <File Path="build/pipelines/templates/build-console-steps.yml" />
    <File Path="build/pipelines/templates/check-formatting.yml" />
    <File Path="build/pipelines/templates/release-sign-and-bundle.yml" />
  </Folder>
  <Folder Name="/_Dependencies/" />
  <Folder Name="/_Dependencies/Console/">
    <File Path="dep/Console/winconp.h" />
  </Folder>
  <Folder Name="/_Dependencies/gsl/">
    <File Path="dep/gsl/include/gsl/gsl" />
    <File Path="dep/gsl/include/gsl/gsl_algorithm" />
    <File Path="dep/gsl/include/gsl/gsl_assert" />
    <File Path="dep/gsl/include/gsl/gsl_byte" />
    <File Path="dep/gsl/include/gsl/gsl_util" />
    <File Path="dep/gsl/include/gsl/multi_span" />
    <File Path="dep/gsl/include/gsl/pointers" />
    <File Path="dep/gsl/include/gsl/span" />
    <File Path="dep/gsl/include/gsl/string_span" />
  </Folder>
  <Folder Name="/_Dependencies/wil/">
    <File Path="dep/wil/include/wil/common.h" />
    <File Path="dep/wil/include/wil/filesystem.h" />
    <File Path="dep/wil/include/wil/functional.h" />
    <File Path="dep/wil/include/wil/registry.h" />
    <File Path="dep/wil/include/wil/resource.h" />
    <File Path="dep/wil/include/wil/result.h" />
    <File Path="dep/wil/include/wil/resultmacros.h" />
    <File Path="dep/wil/include/wil/stl.h" />
    <File Path="dep/wil/include/wil/win32helpers.h" />
    <File Path="dep/wil/include/wil/wistd_functional.h" />
    <File Path="dep/wil/include/wil/wistd_memory.h" />
    <File Path="dep/wil/include/wil/wistd_type_traits.h" />
  </Folder>
  <Folder Name="/_Tools/">
    <Project Path="src/tools/TerminalStress/TerminalStress.csproj">
      <BuildType Solution="AuditMode|*" Project="Debug" />
      <BuildType Solution="Fuzzing|*" Project="Debug" />
      <Build Solution="*|ARM64" Project="false" />
      <Build Solution="*|x86" Project="false" />
      <Build Solution="AuditMode|Any CPU" Project="false" />
      <Build Solution="AuditMode|x64" Project="false" />
      <Build Solution="Fuzzing|Any CPU" Project="false" />
      <Build Solution="Fuzzing|x64" Project="false" />
    </Project>
    <Project Path="src/tools/vtapp/VTApp.csproj" Id="099193a0-1e43-4bbc-ba7f-7b351e1342df">
      <BuildType Solution="AuditMode|Any CPU" Project="Debug" />
      <BuildType Solution="AuditMode|ARM64" Project="Debug" />
      <BuildType Solution="AuditMode|x64" Project="Release" />
      <BuildType Solution="AuditMode|x86" Project="Release" />
      <BuildType Solution="Fuzzing|*" Project="Debug" />
      <Platform Solution="*|x64" Project="x64" />
      <Platform Solution="*|x86" Project="Win32" />
      <Platform Solution="AuditMode|Any CPU" Project="ARM64" />
      <Platform Solution="AuditMode|ARM64" Project="Win32" />
      <Platform Solution="Debug|Any CPU" Project="Win32" />
      <Platform Solution="Debug|ARM64" Project="Win32" />
      <Platform Solution="Fuzzing|Any CPU" Project="Win32" />
      <Platform Solution="Fuzzing|ARM64" Project="ARM64" />
      <Platform Solution="Release|Any CPU" Project="Win32" />
      <Platform Solution="Release|ARM64" Project="ARM64" />
      <Build Solution="*|Any CPU" Project="false" />
      <Build Solution="*|ARM64" Project="false" />
      <Build Solution="AuditMode|x64" Project="false" />
      <Build Solution="AuditMode|x86" Project="false" />
      <Build Solution="Fuzzing|x64" Project="false" />
      <Build Solution="Fuzzing|x86" Project="false" />
    </Project>
  </Folder>
</Solution>
