<?xml version="1.0" encoding="utf-8"?>
<Project ToolsVersion="4.0" xmlns="http://schemas.microsoft.com/developer/msbuild/2003">
  <ItemGroup>
    <ClCompile Include="pch.cpp" />
    <ClCompile Include="..\WorkspaceTerminalPageExtension.cpp" />
    <ClCompile Include="WorkspaceModelWrapper.cpp" />
    <ClCompile Include="..\..\chat\TerminalInputHarness.cpp" />
    <ClCompile Include="..\..\chat\TerminalEventStore.cpp" />
    <ClCompile Include="..\..\chat\WorkspaceChatController.cpp" />
    <ClCompile Include="..\..\chat\WorkspaceChatStateHelpers.cpp" />
    <ClCompile Include="..\..\chat\WorkspaceChatTextHelpers.cpp" />
    <ClCompile Include="..\..\chat\WorkspaceDiagnosticLog.cpp" />
    <ClCompile Include="..\..\chat\WorkspaceChatStore.cpp" />
    <ClCompile Include="..\..\chat\WorkspaceStoragePaths.cpp" />
  </ItemGroup>
  <ItemGroup>
    <ClInclude Include="$(OpenConsoleDir)src\cascadia\TerminalApp\pch.h" />
    <ClInclude Include="..\WorkspaceDllApi.h" />
    <ClInclude Include="..\WorkspaceHostInterfaces.h" />
  </ItemGroup>
</Project>
